
Microsoft Visual Studio Solution File, Format Version 12.00
# Visual Studio Version 17
VisualStudioVersion = 17.5.33530.505
MinimumVisualStudioVersion = 10.0.40219.1
Project("{8BC9CEB8-8B4A-11D0-8D11-00A0C91BC942}") = "сhampionshipDataStorageSystem", "Football_match\Football_match.vcxproj", "{BA4BF14B-E9BE-41CA-B2CA-1BA23F971C9D}"
EndProject
Project("{8BC9CEB8-8B4A-11D0-8D11-00A0C91BC942}") = "footballDataBase", "footballDataBase\footballDataBase.vcxproj", "{6F2D3043-C42F-4D95-9AF1-BDF3F180D06A}"
	ProjectSection(ProjectDependencies) = postProject
		{E660A0EB-00CD-4BF8-945C-BBF7E9F834FD} = {E660A0EB-00CD-4BF8-945C-BBF7E9F834FD}
	EndProjectSection
EndProject
Project("{8BC9CEB8-8B4A-11D0-8D11-00A0C91BC942}") = "championshipDataStorageSystemTest", "championshipDataStorageSystemTest\championshipDataStorageSystemTest.vcxproj", "{3003AF0B-0BA0-4136-BFD1-88A8136972E5}"
EndProject
Project("{8BC9CEB8-8B4A-11D0-8D11-00A0C91BC942}") = "chempionshipDataStorageSystemInterfaces", "chempionshipDataStorageSystemInterfaces\chempionshipDataStorageSystemInterfaces.vcxproj", "{E660A0EB-00CD-4BF8-945C-BBF7E9F834FD}"
EndProject
Global
	GlobalSection(SolutionConfigurationPlatforms) = preSolution
		Debug|x64 = Debug|x64
		Debug|x86 = Debug|x86
		Release|x64 = Release|x64
		Release|x86 = Release|x86
	EndGlobalSection
	GlobalSection(ProjectConfigurationPlatforms) = postSolution
		{BA4BF14B-E9BE-41CA-B2CA-1BA23F971C9D}.Debug|x64.ActiveCfg = Debug|x64
		{BA4BF14B-E9BE-41CA-B2CA-1BA23F971C9D}.Debug|x64.Build.0 = Debug|x64
		{BA4BF14B-E9BE-41CA-B2CA-1BA23F971C9D}.Debug|x86.ActiveCfg = Debug|Win32
		{BA4BF14B-E9BE-41CA-B2CA-1BA23F971C9D}.Debug|x86.Build.0 = Debug|Win32
		{BA4BF14B-E9BE-41CA-B2CA-1BA23F971C9D}.Release|x64.ActiveCfg = Release|x64
		{BA4BF14B-E9BE-41CA-B2CA-1BA23F971C9D}.Release|x64.Build.0 = Release|x64
		{BA4BF14B-E9BE-41CA-B2CA-1BA23F971C9D}.Release|x86.ActiveCfg = Release|Win32
		{BA4BF14B-E9BE-41CA-B2CA-1BA23F971C9D}.Release|x86.Build.0 = Release|Win32
		{6F2D3043-C42F-4D95-9AF1-BDF3F180D06A}.Debug|x64.ActiveCfg = Debug|x64
		{6F2D3043-C42F-4D95-9AF1-BDF3F180D06A}.Debug|x64.Build.0 = Debug|x64
		{6F2D3043-C42F-4D95-9AF1-BDF3F180D06A}.Debug|x86.ActiveCfg = Debug|Win32
		{6F2D3043-C42F-4D95-9AF1-BDF3F180D06A}.Debug|x86.Build.0 = Debug|Win32
		{6F2D3043-C42F-4D95-9AF1-BDF3F180D06A}.Release|x64.ActiveCfg = Release|x64
		{6F2D3043-C42F-4D95-9AF1-BDF3F180D06A}.Release|x64.Build.0 = Release|x64
		{6F2D3043-C42F-4D95-9AF1-BDF3F180D06A}.Release|x86.ActiveCfg = Release|Win32
		{6F2D3043-C42F-4D95-9AF1-BDF3F180D06A}.Release|x86.Build.0 = Release|Win32
		{3003AF0B-0BA0-4136-BFD1-88A8136972E5}.Debug|x64.ActiveCfg = Debug|x64
		{3003AF0B-0BA0-4136-BFD1-88A8136972E5}.Debug|x64.Build.0 = Debug|x64
		{3003AF0B-0BA0-4136-BFD1-88A8136972E5}.Debug|x86.ActiveCfg = Debug|Win32
		{3003AF0B-0BA0-4136-BFD1-88A8136972E5}.Debug|x86.Build.0 = Debug|Win32
		{3003AF0B-0BA0-4136-BFD1-88A8136972E5}.Release|x64.ActiveCfg = Release|x64
		{3003AF0B-0BA0-4136-BFD1-88A8136972E5}.Release|x64.Build.0 = Release|x64
		{3003AF0B-0BA0-4136-BFD1-88A8136972E5}.Release|x86.ActiveCfg = Release|Win32
		{3003AF0B-0BA0-4136-BFD1-88A8136972E5}.Release|x86.Build.0 = Release|Win32
		{E660A0EB-00CD-4BF8-945C-BBF7E9F834FD}.Debug|x64.ActiveCfg = Debug|x64
		{E660A0EB-00CD-4BF8-945C-BBF7E9F834FD}.Debug|x64.Build.0 = Debug|x64
		{E660A0EB-00CD-4BF8-945C-BBF7E9F834FD}.Debug|x86.ActiveCfg = Debug|Win32
		{E660A0EB-00CD-4BF8-945C-BBF7E9F834FD}.Debug|x86.Build.0 = Debug|Win32
		{E660A0EB-00CD-4BF8-945C-BBF7E9F834FD}.Release|x64.ActiveCfg = Release|x64
		{E660A0EB-00CD-4BF8-945C-BBF7E9F834FD}.Release|x64.Build.0 = Release|x64
		{E660A0EB-00CD-4BF8-945C-BBF7E9F834FD}.Release|x86.ActiveCfg = Release|Win32
		{E660A0EB-00CD-4BF8-945C-BBF7E9F834FD}.Release|x86.Build.0 = Release|Win32
	EndGlobalSection
	GlobalSection(SolutionProperties) = preSolution
		HideSolutionNode = FALSE
	EndGlobalSection
	GlobalSection(ExtensibilityGlobals) = postSolution
		SolutionGuid = {F86A589A-CA2B-4914-A853-8B51F086510D}
	EndGlobalSection
EndGlobal
