<?xml version="1.0" encoding="utf-8"?>
<Project ToolsVersion="4.0" xmlns="http://schemas.microsoft.com/developer/msbuild/2003">
  <ItemGroup>
    <Filter Include="Id">
      <UniqueIdentifier>{93995380-89BD-4b04-88EB-625FBE52EBFB}</UniqueIdentifier>
      <Extensions>h;hh;hpp;hxx;h++;hm;inl;inc;ipp;xsd</Extensions>
    </Filter>
    <Filter Include="error">
      <UniqueIdentifier>{e1609eea-4ec6-4e0f-9b5c-8a9b183380b4}</UniqueIdentifier>
    </Filter>
    <Filter Include="parser">
      <UniqueIdentifier>{1d67bbb7-a824-424e-aeea-c95851d36d39}</UniqueIdentifier>
    </Filter>
    <Filter Include="elementCreator">
      <UniqueIdentifier>{ab1e0dfe-40ff-415a-aa81-854db362b05b}</UniqueIdentifier>
    </Filter>
    <Filter Include="Database">
      <UniqueIdentifier>{25848dfc-3189-4a22-b424-b02805ad2861}</UniqueIdentifier>
    </Filter>
    <Filter Include="LinkTable">
      <UniqueIdentifier>{ff70798a-ee54-4bf4-bfd6-908c90b6726c}</UniqueIdentifier>
    </Filter>
    <Filter Include="dataBaseElements">
      <UniqueIdentifier>{80122eec-70ec-4b2f-9322-1f2b154ec470}</UniqueIdentifier>
    </Filter>
    <Filter Include="dataBaseElements\PLayer">
      <UniqueIdentifier>{b513a7df-f87f-4828-aebf-c6199820cff3}</UniqueIdentifier>
    </Filter>
    <Filter Include="dataBaseElements\Match">
      <UniqueIdentifier>{f8a49dc3-729f-45f0-9ab2-4f5d9b55663d}</UniqueIdentifier>
    </Filter>
    <Filter Include="dataBaseElements\Team">
      <UniqueIdentifier>{cd06b20f-2980-42cc-a7f8-54916e7717db}</UniqueIdentifier>
    </Filter>
  </ItemGroup>
  <ItemGroup>
    <ClCompile Include="parser.cpp">
      <Filter>parser</Filter>
    </ClCompile>
    <ClCompile Include="dataBase.cpp">
      <Filter>Database</Filter>
    </ClCompile>
    <ClCompile Include="linkTable.cpp">
      <Filter>LinkTable</Filter>
    </ClCompile>
    <ClCompile Include="dataBaseElementLoader.cpp">
      <Filter>Database</Filter>
    </ClCompile>
    <ClCompile Include="dataBaseSaver.cpp">
      <Filter>Database</Filter>
    </ClCompile>
    <ClCompile Include="id.cpp">
      <Filter>Id</Filter>
    </ClCompile>
    <ClCompile Include="date.cpp">
      <Filter>dataBaseElements\Match</Filter>
    </ClCompile>
    <ClCompile Include="result.cpp">
      <Filter>dataBaseElements\Match</Filter>
    </ClCompile>
  </ItemGroup>
  <ItemGroup>
    <ClInclude Include="dataBase.h">
      <Filter>Database</Filter>
    </ClInclude>
    <ClInclude Include="parser.h">
      <Filter>parser</Filter>
    </ClInclude>
    <ClInclude Include="linkTable.h">
      <Filter>LinkTable</Filter>
    </ClInclude>
    <ClInclude Include="token.h">
      <Filter>parser</Filter>
    </ClInclude>
    <ClInclude Include="parserError.h">
      <Filter>error</Filter>
    </ClInclude>
    <ClInclude Include="dataBaseError.h">
      <Filter>error</Filter>
    </ClInclude>
    <ClInclude Include="dataBaseElementLoader.h">
      <Filter>Database</Filter>
    </ClInclude>
    <ClInclude Include="dataBaseSaver.h">
      <Filter>Database</Filter>
    </ClInclude>
    <ClInclude Include="footballMatchObjectCreator.h">
      <Filter>elementCreator</Filter>
    </ClInclude>
    <ClInclude Include="Id.h">
      <Filter>Id</Filter>
    </ClInclude>
    <ClInclude Include="date.h">
      <Filter>dataBaseElements\Match</Filter>
    </ClInclude>
    <ClInclude Include="match.h">
      <Filter>dataBaseElements\Match</Filter>
    </ClInclude>
    <ClInclude Include="team.h">
      <Filter>dataBaseElements\Team</Filter>
    </ClInclude>
    <ClInclude Include="result.h">
      <Filter>dataBaseElements\Match</Filter>
    </ClInclude>
    <ClInclude Include="player.h">
      <Filter>dataBaseElements\PLayer</Filter>
    </ClInclude>
  </ItemGroup>
</Project>