<?xml version="1.0" encoding="utf-8"?>
<Project ToolsVersion="4.0" xmlns="http://schemas.microsoft.com/developer/msbuild/2003">
  <ItemGroup>
    <Filter Include="Id">
      <UniqueIdentifier>{93995380-89BD-4b04-88EB-625FBE52EBFB}</UniqueIdentifier>
      <Extensions>h;hh;hpp;hxx;h++;hm;inl;inc;ipp;xsd</Extensions>
    </Filter>
    <Filter Include="footbalMatchElement">
      <UniqueIdentifier>{5336f49a-eb1f-4625-a47f-a8ce0c6b60dc}</UniqueIdentifier>
    </Filter>
    <Filter Include="footbalMatchElement\Team">
      <UniqueIdentifier>{d0526361-3fc1-44ee-be1f-5a671a47a7cd}</UniqueIdentifier>
    </Filter>
    <Filter Include="footbalMatchElement\Player">
      <UniqueIdentifier>{d705fc20-07a1-403e-b447-77e581e0264b}</UniqueIdentifier>
    </Filter>
    <Filter Include="footbalMatchElement\Match">
      <UniqueIdentifier>{8077bf4f-6e54-48cf-af3d-b00415bdcb2a}</UniqueIdentifier>
    </Filter>
    <Filter Include="error">
      <UniqueIdentifier>{e1609eea-4ec6-4e0f-9b5c-8a9b183380b4}</UniqueIdentifier>
    </Filter>
    <Filter Include="parser">
      <UniqueIdentifier>{1d67bbb7-a824-424e-aeea-c95851d36d39}</UniqueIdentifier>
    </Filter>
    <Filter Include="elementCreator">
      <UniqueIdentifier>{ab1e0dfe-40ff-415a-aa81-854db362b05b}</UniqueIdentifier>
    </Filter>
    <Filter Include="Database">
      <UniqueIdentifier>{25848dfc-3189-4a22-b424-b02805ad2861}</UniqueIdentifier>
    </Filter>
    <Filter Include="LinkTable">
      <UniqueIdentifier>{ff70798a-ee54-4bf4-bfd6-908c90b6726c}</UniqueIdentifier>
    </Filter>
  </ItemGroup>
  <ItemGroup>
    <ClCompile Include="parser.cpp">
      <Filter>parser</Filter>
    </ClCompile>
    <ClCompile Include="date.cpp">
      <Filter>footbalMatchElement\Match</Filter>
    </ClCompile>
    <ClCompile Include="result.cpp">
      <Filter>footbalMatchElement\Match</Filter>
    </ClCompile>
    <ClCompile Include="dataBase.cpp">
      <Filter>Database</Filter>
    </ClCompile>
    <ClCompile Include="linkTable.cpp">
      <Filter>LinkTable</Filter>
    </ClCompile>
    <ClCompile Include="databaseElementLoader.cpp">
      <Filter>Database</Filter>
    </ClCompile>
    <ClCompile Include="dataBaseSaver.cpp">
      <Filter>Database</Filter>
    </ClCompile>
    <ClCompile Include="id.cpp">
      <Filter>Id</Filter>
    </ClCompile>
  </ItemGroup>
  <ItemGroup>
    <ClInclude Include="Id.h">
      <Filter>Id</Filter>
    </ClInclude>
    <ClInclude Include="dataBase.h">
      <Filter>Database</Filter>
    </ClInclude>
    <ClInclude Include="player.h">
      <Filter>footbalMatchElement\Player</Filter>
    </ClInclude>
    <ClInclude Include="parser.h">
      <Filter>parser</Filter>
    </ClInclude>
    <ClInclude Include="team.h">
      <Filter>footbalMatchElement\Team</Filter>
    </ClInclude>
    <ClInclude Include="match.h">
      <Filter>footbalMatchElement\Match</Filter>
    </ClInclude>
    <ClInclude Include="linkTable.h">
      <Filter>LinkTable</Filter>
    </ClInclude>
    <ClInclude Include="token.h">
      <Filter>parser</Filter>
    </ClInclude>
    <ClInclude Include="result.h">
      <Filter>footbalMatchElement\Match</Filter>
    </ClInclude>
    <ClInclude Include="parserError.h">
      <Filter>error</Filter>
    </ClInclude>
    <ClInclude Include="dataBaseError.h">
      <Filter>error</Filter>
    </ClInclude>
    <ClInclude Include="date.h">
      <Filter>footbalMatchElement\Match</Filter>
    </ClInclude>
    <ClInclude Include="databaseElementLoader.h">
      <Filter>Database</Filter>
    </ClInclude>
    <ClInclude Include="dataBaseSaver.h">
      <Filter>Database</Filter>
    </ClInclude>
    <ClInclude Include="elementCreator.h">
      <Filter>elementCreator</Filter>
    </ClInclude>
  </ItemGroup>
</Project>